
Microsoft Visual Studio Solution File, Format Version 12.00
# Visual Studio Version 17
VisualStudioVersion = 17.11.35208.52
MinimumVisualStudioVersion = 10.0.40219.1
Project("{FAE04EC0-301F-11D3-BF4B-00C04F79EFBC}") = "Керування списком завдань", "Керування списком завдань.csproj", "{A8B175BB-B834-454A-AC4F-2F15ED9BBA2E}"
EndProject
Global
	GlobalSection(SolutionConfigurationPlatforms) = preSolution
		Debug|Any CPU = Debug|Any CPU
		Release|Any CPU = Release|Any CPU
	EndGlobalSection
	GlobalSection(ProjectConfigurationPlatforms) = postSolution
		{A8B175BB-B834-454A-AC4F-2F15ED9BBA2E}.Debug|Any CPU.ActiveCfg = Debug|Any CPU
		{A8B175BB-B834-454A-AC4F-2F15ED9BBA2E}.Debug|Any CPU.Build.0 = Debug|Any CPU
		{A8B175BB-B834-454A-AC4F-2F15ED9BBA2E}.Release|Any CPU.ActiveCfg = Release|Any CPU
		{A8B175BB-B834-454A-AC4F-2F15ED9BBA2E}.Release|Any CPU.Build.0 = Release|Any CPU
	EndGlobalSection
	GlobalSection(SolutionProperties) = preSolution
		HideSolutionNode = FALSE
	EndGlobalSection
	GlobalSection(ExtensibilityGlobals) = postSolution
		SolutionGuid = {85F58905-EF8D-4F6A-A13C-A604C7250660}
	EndGlobalSection
EndGlobal
